PODS:
  - JSQMessagesViewController (7.3.4):
    - JSQSystemSoundPlayer (~> 2.0.1)
  - JSQSystemSoundPlayer (2.0.1)

DEPENDENCIES:
  - JSQMessagesViewController (from `../`)

SPEC REPOS:
  https://github.com/cocoapods/specs.git:
    - JSQSystemSoundPlayer

EXTERNAL SOURCES:
  JSQMessagesViewController:
    :path: "../"

SPEC CHECKSUMS:
  JSQMessagesViewController: 90d42943da9192d38acff51307ae66b4678a14bb
  JSQSystemSoundPlayer: c5850e77a4363ffd374cd851154b9af93264ed8d

PODFILE CHECKSUM: b51479be92e08cc1504a6937b0ded5693c7d1bd9

COCOAPODS: 1.5.3
